
Microsoft Visual Studio Solution File, Format Version 12.00
# Visual Studio Version 17
VisualStudioVersion = 17.7.34024.191
MinimumVisualStudioVersion = 10.0.40219.1
Project("{FAE04EC0-301F-11D3-BF4B-00C04F79EFBC}") = "PractisDelegate", "PractisDelegate\PractisDelegate.csproj", "{14B3A3C6-D3C6-47D9-BC32-E0E580C1EC72}"
EndProject
Global
	GlobalSection(SolutionConfigurationPlatforms) = preSolution
		Debug|Any CPU = Debug|Any CPU
		Release|Any CPU = Release|Any CPU
	EndGlobalSection
	GlobalSection(ProjectConfigurationPlatforms) = postSolution
		{14B3A3C6-D3C6-47D9-BC32-E0E580C1EC72}.Debug|Any CPU.ActiveCfg = Debug|Any CPU
		{14B3A3C6-D3C6-47D9-BC32-E0E580C1EC72}.Debug|Any CPU.Build.0 = Debug|Any CPU
		{14B3A3C6-D3C6-47D9-BC32-E0E580C1EC72}.Release|Any CPU.ActiveCfg = Release|Any CPU
		{14B3A3C6-D3C6-47D9-BC32-E0E580C1EC72}.Release|Any CPU.Build.0 = Release|Any CPU
	EndGlobalSection
	GlobalSection(SolutionProperties) = preSolution
		HideSolutionNode = FALSE
	EndGlobalSection
	GlobalSection(ExtensibilityGlobals) = postSolution
		SolutionGuid = {5421610F-ECCF-4E67-B0BC-8DCA54CFACA8}
	EndGlobalSection
EndGlobal
